// !$*UTF8*$!
{
	archiveVersion = 1;
	classes = {
	};
	objectVersion = 46;
	objects = {

/* Begin PBXBuildFile section */
		C4300001095A3D3A0012CA3F /* sputteringAlpha.cpp in Sources */ = {isa = PBXBuildFile; fileRef = C43E0001095A3C810012CA3F /* sputteringAlpha.cpp */; };
		C4300002095A3D3A0012CA3F /* sputteringAlpha8.cpp in Sources */ = {isa = PBXBuildFile; fileRef = C43E0002095A3C810012CA3F /* sputteringAlpha8.cpp */; };
		C4300003095A3D3A0012CA3F /* sputteringAlpha16.cpp in Sources */ = {isa = PBXBuildFile; fileRef = C43E0003095A3C810012CA3F /* sputteringAlpha16.cpp */; };
		C4300004095A3D3A0012CA3F /* sputteringAlpha32.cpp in Sources */ = {isa = PBXBuildFile; fileRef = C43E0004095A3C810012CA3F /* sputteringAlpha32.cpp */; };
        C4300005095A3D3A0012CA3F /* FsGraphics.cpp in Sources */ = {isa = PBXBuildFile; fileRef = C43E0005095A3C810012CA3F /* FsGraphics.cpp */; };
        C4300010095A3D3A0012CA3F /* AEFX_SuiteHelper.c in Sources */ = {isa = PBXBuildFile; fileRef = C43E0010095A3C810012CA3F /* AEFX_SuiteHelper.c */; };
        C4300011095A3D3A0012CA3F /* AEGP_SuiteHandler.cpp in Sources */ = {isa = PBXBuildFile; fileRef = C43E0011095A3C810012CA3F /* AEGP_SuiteHandler.cpp */; };
        C4300012095A3D3A0012CA3F /* MissingSuiteError.cpp in Sources */ = {isa = PBXBuildFile; fileRef = C43E0012095A3C810012CA3F /* MissingSuiteError.cpp */; };
        C4300013095A3D3A0012CA3F /* Smart_Utils.cpp in Sources */ = {isa = PBXBuildFile; fileRef = C43E0013095A3C810012CA3F /* Smart_Utils.cpp */; };
        
        C4300015095A3D3A0012CA3F /* AEGP_Utils.cpp in Sources */ = {isa = PBXBuildFile; fileRef = C43E0015095A3C810012CA3F /* AEGP_Utils.cpp */; };
		C4300009095A3D3A0012CA3F /* sputteringAlphaPiPL.r in Rez */ = {isa = PBXBuildFile; fileRef = C43E0009095A3C810012CA3F /* sputteringAlphaPiPL.r */; };
/* End PBXBuildFile section */

/* Begin PBXFileReference section */
		C43E0001095A3C810012CA3F /* sputteringAlpha.cpp */ = {isa = PBXFileReference; lastKnownFileType = sourcecode.cpp.cpp; name = sputteringAlpha.cpp; path = ../sputteringAlpha.cpp; sourceTree = SOURCE_ROOT; };
		C43E0002095A3C810012CA3F /* sputteringAlpha8.cpp */ = {isa = PBXFileReference; lastKnownFileType = sourcecode.cpp.cpp; name = sputteringAlpha8.cpp; path = ../sputteringAlpha8.cpp; sourceTree = SOURCE_ROOT; };
		C43E0003095A3C810012CA3F /* sputteringAlpha16.cpp */ = {isa = PBXFileReference; lastKnownFileType = sourcecode.cpp.cpp; name = sputteringAlpha16.cpp; path = ../sputteringAlpha16.cpp; sourceTree = SOURCE_ROOT; };
		C43E0004095A3C810012CA3F /* sputteringAlpha32.cpp */ = {isa = PBXFileReference; lastKnownFileType = sourcecode.cpp.cpp; name = sputteringAlpha32.cpp; path = ../sputteringAlpha32.cpp; sourceTree = SOURCE_ROOT; };
        C43E0005095A3C810012CA3F /* FsGraphics.cpp */ = {isa = PBXFileReference; lastKnownFileType = sourcecode.cpp.cpp; name = FsGraphics.cpp; path = ../../FsLibrary/FsGraphics.cpp; sourceTree = SOURCE_ROOT; };
        C43E0010095A3C810012CA3F /* AEFX_SuiteHelper.c */ = {isa = PBXFileReference; lastKnownFileType = sourcecode.c.c; name = AEFX_SuiteHelper.c; path = ../../../Util/AEFX_SuiteHelper.c; sourceTree = SOURCE_ROOT; };
        C43E0011095A3C810012CA3F /* AEGP_SuiteHandler.cpp */ = {isa = PBXFileReference; lastKnownFileType = sourcecode.cpp.cpp; name = AEGP_SuiteHandler.cpp; path = ../../../Util/AEGP_SuiteHandler.cpp; sourceTree = SOURCE_ROOT; };
        C43E0012095A3C810012CA3F /* MissingSuiteError.cpp */ = {isa = PBXFileReference; lastKnownFileType = sourcecode.cpp.cpp; name = MissingSuiteError.cpp; path = ../../../Util/MissingSuiteError.cpp; sourceTree = SOURCE_ROOT; };
        C43E0013095A3C810012CA3F /* Smart_Utils.cpp */ = {isa = PBXFileReference; lastKnownFileType = sourcecode.cpp.cpp; name = Smart_Utils.cpp; path = ../../../Util/Smart_Utils.cpp; sourceTree = SOURCE_ROOT; };
        
        C43E0015095A3C810012CA3F /* AEGP_Utils.cpp */ = {isa = PBXFileReference; lastKnownFileType = sourcecode.cpp.cpp; name = AEGP_Utils.cpp; path = ../../../Util/AEGP_Utils.cpp; sourceTree = SOURCE_ROOT; };
		C43E0009095A3C810012CA3F /* sputteringAlphaPiPL.r */ = {isa = PBXFileReference; lastKnownFileType = sourcecode.rez; name = sputteringAlphaPiPL.r; path = ../sputteringAlphaPiPL.r; sourceTree = SOURCE_ROOT; };
		C43E1001095A3C810012CA3F /* sputteringAlpha.plugin */ = {isa = PBXFileReference; explicitFileType = wrapper.plugin; includeInIndex = 0; path = sputteringAlpha.plugin; sourceTree = BUILT_PRODUCTS_DIR; };
/* End PBXFileReference section */

/* Begin PBXFrameworksBuildPhase section */
		C43EFFC9095A3CE80012CA3F /* Frameworks */ = {
			isa = PBXFrameworksBuildPhase;
			buildActionMask = 2147483647;
			files = (
			);
			runOnlyForDeploymentPostprocessing = 0;
		};
/* End PBXFrameworksBuildPhase section */

/* Begin PBXGroup section */
        C43EFFB6095A3CE80012CA3F = {
			isa = PBXGroup;
			children = (
                C43EFFE0095A3E040012CA3F /* Rez */,
                C43EFFCA095A3CE80012CA3F /* Frameworks */,
                C43EFFC8095A3CE80012CA3F /* Products */,
			);
			sourceTree = "<group>";
		};
		C43EFFC8095A3CE80012CA3F /* Products */ = {
			isa = PBXGroup;
			children = (
				C43E1001095A3C810012CA3F /* sputteringAlpha.plugin */,
			);
			name = Products;
			sourceTree = "<group>";
		};
		C43EFFE0095A3E040012CA3F /* Rez */ = {
			isa = PBXGroup;
			children = (
				C43E0009095A3C810012CA3F /* sputteringAlphaPiPL.r */,
				C43E0001095A3C810012CA3F /* sputteringAlpha.cpp */,
				C43E0002095A3C810012CA3F /* sputteringAlpha8.cpp */,
				C43E0003095A3C810012CA3F /* sputteringAlpha16.cpp */,
				C43E0004095A3C810012CA3F /* sputteringAlpha32.cpp */,
                C43E0005095A3C810012CA3F /* FsGraphics.cpp */,
                C43E0010095A3C810012CA3F /* AEFX_SuiteHelper.c */,
                C43E0011095A3C810012CA3F /* AEGP_SuiteHandler.cpp */,
                C43E0012095A3C810012CA3F /* MissingSuiteError.cpp */,
                C43E0013095A3C810012CA3F /* Smart_Utils.cpp */,
                C43E0015095A3C810012CA3F /* AEGP_Utils.cpp */,
			);
			name = Rez;
			sourceTree = "<group>";
		};
        C43EFFCA095A3CE80012CA3F /* Frameworks */ = {
            isa = PBXGroup;
            children = (
            );
            name = Frameworks;
            sourceTree = "<group>";
        };
/* End PBXGroup section */

/* Begin PBXNativeTarget section */
		C43EFFA9095A3CE80012CA3F /* sputteringAlpha */ = {
			isa = PBXNativeTarget;
			buildConfigurationList = C43EFFB0095A3CE80012CA3F /* Build configuration list for PBXNativeTarget "sputteringAlpha" */;
			buildPhases = (
				C43EFFC9095A3CE80012CA3F /* Frameworks */,
				C43EFFE1095A3E040012CA3F /* Rez */,
				C43EFFC7095A3CE80012CA3F /* Sources */,
			);
			buildRules = (
			);
			dependencies = (
			);
			name = sputteringAlpha;
			productName = sputteringAlpha;
			productReference = C43E1001095A3C810012CA3F /* sputteringAlpha.plugin */;
			productType = "com.apple.product-type.bundle";
		};
/* End PBXNativeTarget section */

/* Begin PBXProject section */
		C43EFFAA095A3CE80012CA3F /* Project object */ = {
			isa = PBXProject;
			buildConfigurationList = C43EFFAD095A3CE80012CA3F /* Build configuration list for PBXProject "sputteringAlpha" */;
			compatibilityVersion = "Xcode 3.2";
			developmentRegion = English;
			hasScannedForEncodings = 0;
			knownRegions = (
				en,
			);
			mainGroup = C43EFFB6095A3CE80012CA3F;
			projectDirPath = "";
			projectRoot = "";
			targets = (
				C43EFFA9095A3CE80012CA3F /* sputteringAlpha */,
			);
		};
/* End PBXProject section */

/* Begin PBXRezBuildPhase section */
		C43EFFE1095A3E040012CA3F /* Rez */ = {
			isa = PBXRezBuildPhase;
			buildActionMask = 2147483647;
			files = (
				C4300009095A3D3A0012CA3F /* sputteringAlphaPiPL.r in Rez */,
			);
			runOnlyForDeploymentPostprocessing = 0;
		};
/* End PBXRezBuildPhase section */

/* Begin PBXSourcesBuildPhase section */
		C43EFFC7095A3CE80012CA3F /* Sources */ = {
			isa = PBXSourcesBuildPhase;
			buildActionMask = 2147483647;
			files = (
                C4300001095A3D3A0012CA3F /* sputteringAlpha.cpp in Sources */,
                C4300002095A3D3A0012CA3F /* sputteringAlpha8.cpp in Sources */,
                C4300003095A3D3A0012CA3F /* sputteringAlpha16.cpp in Sources */,
                C4300004095A3D3A0012CA3F /* sputteringAlpha32.cpp in Sources */,
                C4300005095A3D3A0012CA3F /* FsGraphics.cpp in Sources */,
                C4300010095A3D3A0012CA3F /* AEFX_SuiteHelper.c in Sources */,
                C4300011095A3D3A0012CA3F /* AEGP_SuiteHandler.cpp in Sources */,
                C4300012095A3D3A0012CA3F /* MissingSuiteError.cpp in Sources */,
                C4300013095A3D3A0012CA3F /* Smart_Utils.cpp in Sources */,
                C4300015095A3D3A0012CA3F /* AEGP_Utils.cpp in Sources */,
			);
			runOnlyForDeploymentPostprocessing = 0;
		};
/* End PBXSourcesBuildPhase section */

/* Begin XCBuildConfiguration section */
		C43EFFAE095A3CE80012CA3F /* Debug */ = {
			isa = XCBuildConfiguration;
			buildSettings = {
				ALWAYS_SEARCH_USER_PATHS = NO;
				ARCHS = "arm64 x86_64";
				CLANG_ENABLE_OBJC_ARC = YES;
				GENERATE_PKGINFO_FILE = YES;
				INFOPLIST_FILE = sputteringAlpha.plugin-Info.plist;
				INSTALL_PATH = "";
				MACH_O_TYPE = mh_bundle;
				PRODUCT_BUNDLE_IDENTIFIER = com.adobe.AfterEffects.sputteringAlpha;
				PRODUCT_NAME = sputteringAlpha;
				WRAPPER_EXTENSION = plugin;
                HEADER_SEARCH_PATHS = (
                    "$(SRCROOT)/../../../Headers",
                    "$(SRCROOT)/../../../Headers/SP",
                    "$(SRCROOT)/../../../Util",
                    "$(SRCROOT)/../../FsLibrary",
                    "$(SRCROOT)/..",
                );
				OTHER_CPLUSPLUSFLAGS = (
					"-D__MACH__",
				);
                REZ_SEARCH_PATHS = (
                    "$(SRCROOT)/../../../Headers",
                    "$(SRCROOT)/../../../Util",
                    "$(SRCROOT)/../../../Headers/SP",
                    "$(SRCROOT)/../../../Resources",
                    "$(SRCROOT)/..",
                    "$(SRCROOT)/../../FsLibrary",
                );
			};
			name = Debug;
		};
		C43EFFAF095A3CE80012CA3F /* Release */ = {
			isa = XCBuildConfiguration;
			buildSettings = {
				ALWAYS_SEARCH_USER_PATHS = NO;
				ARCHS = "arm64 x86_64";
				CLANG_ENABLE_OBJC_ARC = YES;
				GENERATE_PKGINFO_FILE = YES;
				INFOPLIST_FILE = sputteringAlpha.plugin-Info.plist;
				INSTALL_PATH = "";
				MACH_O_TYPE = mh_bundle;
				PRODUCT_BUNDLE_IDENTIFIER = com.adobe.AfterEffects.sputteringAlpha;
				PRODUCT_NAME = sputteringAlpha;
				WRAPPER_EXTENSION = plugin;
                HEADER_SEARCH_PATHS = (
                    "$(SRCROOT)/../../../Headers",
                    "$(SRCROOT)/../../../Headers/SP",
                    "$(SRCROOT)/../../../Util",
                    "$(SRCROOT)/../../FsLibrary",
                    "$(SRCROOT)/..",
                );
				OTHER_CPLUSPLUSFLAGS = (
					"-D__MACH__",
				);
                REZ_SEARCH_PATHS = (
                    "$(SRCROOT)/../../../Headers",
                    "$(SRCROOT)/../../../Util",
                    "$(SRCROOT)/../../../Headers/SP",
                    "$(SRCROOT)/../../../Resources",
                    "$(SRCROOT)/..",
                    "$(SRCROOT)/../../FsLibrary",
                );
			};
			name = Release;
		};
/* End XCBuildConfiguration section */

/* Begin XCConfigurationList section */
		C43EFFAD095A3CE80012CA3F /* Build configuration list for PBXProject "sputteringAlpha" */ = {
			isa = XCConfigurationList;
			buildConfigurations = (
				C43EFFAE095A3CE80012CA3F /* Debug */,
				C43EFFAF095A3CE80012CA3F /* Release */,
			);
			defaultConfigurationIsVisible = 0;
			defaultConfigurationName = Debug;
		};
		C43EFFB0095A3CE80012CA3F /* Build configuration list for PBXNativeTarget "sputteringAlpha" */ = {
			isa = XCConfigurationList;
			buildConfigurations = (
				C43EFFAE095A3CE80012CA3F /* Debug */,
				C43EFFAF095A3CE80012CA3F /* Release */,
			);
			defaultConfigurationIsVisible = 0;
			defaultConfigurationName = Debug;
		};
/* End XCConfigurationList section */

	};
	rootObject = C43EFFAA095A3CE80012CA3F /* Project object */;
}
